// !$*UTF8*$!
{
	archiveVersion = 1;
	classes = {
	};
	objectVersion = 46;
	objects = {

/* Begin PBXBuildFile section */
		11085A661DB3595000C79F44 /* Photos.framework in Frameworks */ = {isa = PBXBuildFile; fileRef = 11085A651DB3595000C79F44 /* Photos.framework */; };
		110B6A491DB20DD7009CC9F7 /* TabBarViewController.m in Sources */ = {isa = PBXBuildFile; fileRef = 110B6A481DB20DD7009CC9F7 /* TabBarViewController.m */; };
		110B6AC71DB241FB009CC9F7 /* AddShopViewController.m in Sources */ = {isa = PBXBuildFile; fileRef = 110B6AC61DB241FB009CC9F7 /* AddShopViewController.m */; };
		110B6ACA1DB2447B009CC9F7 /* FoodItemTableViewCell.m in Sources */ = {isa = PBXBuildFile; fileRef = 110B6AC91DB2447B009CC9F7 /* FoodItemTableViewCell.m */; };
		113BFFC01DAEA0E600E2B58D /* RestaurantsTableViewController.m in Sources */ = {isa = PBXBuildFile; fileRef = 113BFFBF1DAEA0E600E2B58D /* RestaurantsTableViewController.m */; };
		113BFFC61DAEA17E00E2B58D /* OrdersTableViewController.m in Sources */ = {isa = PBXBuildFile; fileRef = 113BFFC51DAEA17E00E2B58D /* OrdersTableViewController.m */; };
		113BFFC91DAEA21C00E2B58D /* RecordsTableViewController.m in Sources */ = {isa = PBXBuildFile; fileRef = 113BFFC81DAEA21C00E2B58D /* RecordsTableViewController.m */; };
		113BFFCC1DAEA24600E2B58D /* SettingTableViewController.m in Sources */ = {isa = PBXBuildFile; fileRef = 113BFFCB1DAEA24600E2B58D /* SettingTableViewController.m */; };
		113BFFDB1DAEA4F700E2B58D /* OrderTableViewCell.m in Sources */ = {isa = PBXBuildFile; fileRef = 113BFFD91DAEA4F700E2B58D /* OrderTableViewCell.m */; };
		113BFFDC1DAEA4F700E2B58D /* OrderTableViewCell.xib in Resources */ = {isa = PBXBuildFile; fileRef = 113BFFDA1DAEA4F700E2B58D /* OrderTableViewCell.xib */; };
		113BFFE41DAEA74000E2B58D /* Helper.m in Sources */ = {isa = PBXBuildFile; fileRef = 113BFFE31DAEA74000E2B58D /* Helper.m */; };
		113BFFF01DAED03900E2B58D /* FBSDKCoreKit.framework in Frameworks */ = {isa = PBXBuildFile; fileRef = 113BFFEC1DAED03900E2B58D /* FBSDKCoreKit.framework */; };
		113BFFF11DAED03900E2B58D /* FBSDKLoginKit.framework in Frameworks */ = {isa = PBXBuildFile; fileRef = 113BFFED1DAED03900E2B58D /* FBSDKLoginKit.framework */; };
		1179DC5A1DB3AF640016BF70 /* unknow.png in Resources */ = {isa = PBXBuildFile; fileRef = 1179DC591DB3AF640016BF70 /* unknow.png */; };
		117C1AA81DB506F7004AB4F9 /* RestaurantInfo.m in Sources */ = {isa = PBXBuildFile; fileRef = 117C1AA71DB506F7004AB4F9 /* RestaurantInfo.m */; };
		117C1AAC1DB5208F004AB4F9 /* restaurantInfoCell.m in Sources */ = {isa = PBXBuildFile; fileRef = 117C1AAA1DB5208F004AB4F9 /* restaurantInfoCell.m */; };
		117C1AAD1DB5208F004AB4F9 /* restaurantInfoCell.xib in Resources */ = {isa = PBXBuildFile; fileRef = 117C1AAB1DB5208F004AB4F9 /* restaurantInfoCell.xib */; };
		117C1AB31DB52190004AB4F9 /* RestaurantModel.m in Sources */ = {isa = PBXBuildFile; fileRef = 117C1AB21DB52190004AB4F9 /* RestaurantModel.m */; };
		11EA3F101DAD80AA00C5E4FA /* main.m in Sources */ = {isa = PBXBuildFile; fileRef = 11EA3F0F1DAD80AA00C5E4FA /* main.m */; };
		11EA3F131DAD80AA00C5E4FA /* AppDelegate.m in Sources */ = {isa = PBXBuildFile; fileRef = 11EA3F121DAD80AA00C5E4FA /* AppDelegate.m */; };
		11EA3F191DAD80AA00C5E4FA /* Main.storyboard in Resources */ = {isa = PBXBuildFile; fileRef = 11EA3F171DAD80AA00C5E4FA /* Main.storyboard */; };
		11EA3F1B1DAD80AA00C5E4FA /* Assets.xcassets in Resources */ = {isa = PBXBuildFile; fileRef = 11EA3F1A1DAD80AA00C5E4FA /* Assets.xcassets */; };
		11EA3F1E1DAD80AA00C5E4FA /* LaunchScreen.storyboard in Resources */ = {isa = PBXBuildFile; fileRef = 11EA3F1C1DAD80AA00C5E4FA /* LaunchScreen.storyboard */; };
		11EA3F2A1DAD8D7700C5E4FA /* LoginViewController.m in Sources */ = {isa = PBXBuildFile; fileRef = 11EA3F291DAD8D7700C5E4FA /* LoginViewController.m */; };
		11EA3F2C1DAD8DC700C5E4FA /* GoogleService-Info.plist in Resources */ = {isa = PBXBuildFile; fileRef = 11EA3F2B1DAD8DC700C5E4FA /* GoogleService-Info.plist */; };
		4B277E86DE33CD5D88D41459 /* Pods_Food.framework in Frameworks */ = {isa = PBXBuildFile; fileRef = 4C4C1078F52F3F7618C2BAD1 /* Pods_Food.framework */; };
/* End PBXBuildFile section */

/* Begin PBXFileReference section */
		1101F2B31DB15C4D00747C41 /* Food.entitlements */ = {isa = PBXFileReference; lastKnownFileType = text.plist.entitlements; path = Food.entitlements; sourceTree = "<group>"; };
		11085A651DB3595000C79F44 /* Photos.framework */ = {isa = PBXFileReference; lastKnownFileType = wrapper.framework; name = Photos.framework; path = System/Library/Frameworks/Photos.framework; sourceTree = SDKROOT; };
		110B6A471DB20DD7009CC9F7 /* TabBarViewController.h */ = {isa = PBXFileReference; fileEncoding = 4; lastKnownFileType = sourcecode.c.h; path = TabBarViewController.h; sourceTree = "<group>"; };
		110B6A481DB20DD7009CC9F7 /* TabBarViewController.m */ = {isa = PBXFileReference; fileEncoding = 4; lastKnownFileType = sourcecode.c.objc; path = TabBarViewController.m; sourceTree = "<group>"; };
		110B6AC51DB241FB009CC9F7 /* AddShopViewController.h */ = {isa = PBXFileReference; fileEncoding = 4; lastKnownFileType = sourcecode.c.h; path = AddShopViewController.h; sourceTree = "<group>"; };
		110B6AC61DB241FB009CC9F7 /* AddShopViewController.m */ = {isa = PBXFileReference; fileEncoding = 4; lastKnownFileType = sourcecode.c.objc; path = AddShopViewController.m; sourceTree = "<group>"; };
		110B6AC81DB2447B009CC9F7 /* FoodItemTableViewCell.h */ = {isa = PBXFileReference; fileEncoding = 4; lastKnownFileType = sourcecode.c.h; path = FoodItemTableViewCell.h; sourceTree = "<group>"; };
		110B6AC91DB2447B009CC9F7 /* FoodItemTableViewCell.m */ = {isa = PBXFileReference; fileEncoding = 4; lastKnownFileType = sourcecode.c.objc; path = FoodItemTableViewCell.m; sourceTree = "<group>"; };
		113BFFBE1DAEA0E600E2B58D /* RestaurantsTableViewController.h */ = {isa = PBXFileReference; fileEncoding = 4; lastKnownFileType = sourcecode.c.h; path = RestaurantsTableViewController.h; sourceTree = "<group>"; };
		113BFFBF1DAEA0E600E2B58D /* RestaurantsTableViewController.m */ = {isa = PBXFileReference; fileEncoding = 4; lastKnownFileType = sourcecode.c.objc; path = RestaurantsTableViewController.m; sourceTree = "<group>"; };
		113BFFC41DAEA17E00E2B58D /* OrdersTableViewController.h */ = {isa = PBXFileReference; fileEncoding = 4; lastKnownFileType = sourcecode.c.h; path = OrdersTableViewController.h; sourceTree = "<group>"; };
		113BFFC51DAEA17E00E2B58D /* OrdersTableViewController.m */ = {isa = PBXFileReference; fileEncoding = 4; lastKnownFileType = sourcecode.c.objc; path = OrdersTableViewController.m; sourceTree = "<group>"; };
		113BFFC71DAEA21C00E2B58D /* RecordsTableViewController.h */ = {isa = PBXFileReference; fileEncoding = 4; lastKnownFileType = sourcecode.c.h; path = RecordsTableViewController.h; sourceTree = "<group>"; };
		113BFFC81DAEA21C00E2B58D /* RecordsTableViewController.m */ = {isa = PBXFileReference; fileEncoding = 4; lastKnownFileType = sourcecode.c.objc; path = RecordsTableViewController.m; sourceTree = "<group>"; };
		113BFFCA1DAEA24600E2B58D /* SettingTableViewController.h */ = {isa = PBXFileReference; fileEncoding = 4; lastKnownFileType = sourcecode.c.h; path = SettingTableViewController.h; sourceTree = "<group>"; };
		113BFFCB1DAEA24600E2B58D /* SettingTableViewController.m */ = {isa = PBXFileReference; fileEncoding = 4; lastKnownFileType = sourcecode.c.objc; path = SettingTableViewController.m; sourceTree = "<group>"; };
		113BFFD81DAEA4F700E2B58D /* OrderTableViewCell.h */ = {isa = PBXFileReference; fileEncoding = 4; lastKnownFileType = sourcecode.c.h; path = OrderTableViewCell.h; sourceTree = "<group>"; };
		113BFFD91DAEA4F700E2B58D /* OrderTableViewCell.m */ = {isa = PBXFileReference; fileEncoding = 4; lastKnownFileType = sourcecode.c.objc; path = OrderTableViewCell.m; sourceTree = "<group>"; };
		113BFFDA1DAEA4F700E2B58D /* OrderTableViewCell.xib */ = {isa = PBXFileReference; fileEncoding = 4; lastKnownFileType = file.xib; path = OrderTableViewCell.xib; sourceTree = "<group>"; };
		113BFFE21DAEA74000E2B58D /* Helper.h */ = {isa = PBXFileReference; fileEncoding = 4; lastKnownFileType = sourcecode.c.h; path = Helper.h; sourceTree = "<group>"; };
		113BFFE31DAEA74000E2B58D /* Helper.m */ = {isa = PBXFileReference; fileEncoding = 4; lastKnownFileType = sourcecode.c.objc; path = Helper.m; sourceTree = "<group>"; };
		113BFFEC1DAED03900E2B58D /* FBSDKCoreKit.framework */ = {isa = PBXFileReference; lastKnownFileType = wrapper.framework; path = FBSDKCoreKit.framework; sourceTree = "<group>"; };
		113BFFED1DAED03900E2B58D /* FBSDKLoginKit.framework */ = {isa = PBXFileReference; lastKnownFileType = wrapper.framework; path = FBSDKLoginKit.framework; sourceTree = "<group>"; };
		1179DC591DB3AF640016BF70 /* unknow.png */ = {isa = PBXFileReference; lastKnownFileType = image.png; path = unknow.png; sourceTree = "<group>"; };
		117C1AA61DB506F7004AB4F9 /* RestaurantInfo.h */ = {isa = PBXFileReference; fileEncoding = 4; lastKnownFileType = sourcecode.c.h; path = RestaurantInfo.h; sourceTree = "<group>"; };
		117C1AA71DB506F7004AB4F9 /* RestaurantInfo.m */ = {isa = PBXFileReference; fileEncoding = 4; lastKnownFileType = sourcecode.c.objc; path = RestaurantInfo.m; sourceTree = "<group>"; };
		117C1AA91DB5208F004AB4F9 /* restaurantInfoCell.h */ = {isa = PBXFileReference; fileEncoding = 4; lastKnownFileType = sourcecode.c.h; path = restaurantInfoCell.h; sourceTree = "<group>"; };
		117C1AAA1DB5208F004AB4F9 /* restaurantInfoCell.m */ = {isa = PBXFileReference; fileEncoding = 4; lastKnownFileType = sourcecode.c.objc; path = restaurantInfoCell.m; sourceTree = "<group>"; };
		117C1AAB1DB5208F004AB4F9 /* restaurantInfoCell.xib */ = {isa = PBXFileReference; fileEncoding = 4; lastKnownFileType = file.xib; path = restaurantInfoCell.xib; sourceTree = "<group>"; };
		117C1AB11DB52190004AB4F9 /* RestaurantModel.h */ = {isa = PBXFileReference; fileEncoding = 4; lastKnownFileType = sourcecode.c.h; path = RestaurantModel.h; sourceTree = "<group>"; };
		117C1AB21DB52190004AB4F9 /* RestaurantModel.m */ = {isa = PBXFileReference; fileEncoding = 4; lastKnownFileType = sourcecode.c.objc; path = RestaurantModel.m; sourceTree = "<group>"; };
		117C1AB41DB5219A004AB4F9 /* NJGlobal.h */ = {isa = PBXFileReference; lastKnownFileType = sourcecode.c.h; path = NJGlobal.h; sourceTree = "<group>"; };
		11EA3F0B1DAD80AA00C5E4FA /* Food.app */ = {isa = PBXFileReference; explicitFileType = wrapper.application; includeInIndex = 0; path = Food.app; sourceTree = BUILT_PRODUCTS_DIR; };
		11EA3F0F1DAD80AA00C5E4FA /* main.m */ = {isa = PBXFileReference; lastKnownFileType = sourcecode.c.objc; path = main.m; sourceTree = "<group>"; };
		11EA3F111DAD80AA00C5E4FA /* AppDelegate.h */ = {isa = PBXFileReference; lastKnownFileType = sourcecode.c.h; path = AppDelegate.h; sourceTree = "<group>"; };
		11EA3F121DAD80AA00C5E4FA /* AppDelegate.m */ = {isa = PBXFileReference; lastKnownFileType = sourcecode.c.objc; path = AppDelegate.m; sourceTree = "<group>"; };
		11EA3F181DAD80AA00C5E4FA /* Base */ = {isa = PBXFileReference; lastKnownFileType = file.storyboard; name = Base; path = Base.lproj/Main.storyboard; sourceTree = "<group>"; };
		11EA3F1A1DAD80AA00C5E4FA /* Assets.xcassets */ = {isa = PBXFileReference; lastKnownFileType = folder.assetcatalog; path = Assets.xcassets; sourceTree = "<group>"; };
		11EA3F1D1DAD80AA00C5E4FA /* Base */ = {isa = PBXFileReference; lastKnownFileType = file.storyboard; name = Base; path = Base.lproj/LaunchScreen.storyboard; sourceTree = "<group>"; };
		11EA3F1F1DAD80AA00C5E4FA /* Info.plist */ = {isa = PBXFileReference; lastKnownFileType = text.plist.xml; path = Info.plist; sourceTree = "<group>"; };
		11EA3F281DAD8D7700C5E4FA /* LoginViewController.h */ = {isa = PBXFileReference; fileEncoding = 4; lastKnownFileType = sourcecode.c.h; path = LoginViewController.h; sourceTree = "<group>"; };
		11EA3F291DAD8D7700C5E4FA /* LoginViewController.m */ = {isa = PBXFileReference; fileEncoding = 4; lastKnownFileType = sourcecode.c.objc; path = LoginViewController.m; sourceTree = "<group>"; };
		11EA3F2B1DAD8DC700C5E4FA /* GoogleService-Info.plist */ = {isa = PBXFileReference; fileEncoding = 4; lastKnownFileType = text.plist.xml; path = "GoogleService-Info.plist"; sourceTree = "<group>"; };
		4C4C1078F52F3F7618C2BAD1 /* Pods_Food.framework */ = {isa = PBXFileReference; explicitFileType = wrapper.framework; includeInIndex = 0; path = Pods_Food.framework; sourceTree = BUILT_PRODUCTS_DIR; };
		68E70D16BE6959F608FE67F8 /* Pods-Food.debug.xcconfig */ = {isa = PBXFileReference; includeInIndex = 1; lastKnownFileType = text.xcconfig; name = "Pods-Food.debug.xcconfig"; path = "Pods/Target Support Files/Pods-Food/Pods-Food.debug.xcconfig"; sourceTree = "<group>"; };
		A6DCB51727CE1C23778B3D7D /* Pods-Food.release.xcconfig */ = {isa = PBXFileReference; includeInIndex = 1; lastKnownFileType = text.xcconfig; name = "Pods-Food.release.xcconfig"; path = "Pods/Target Support Files/Pods-Food/Pods-Food.release.xcconfig"; sourceTree = "<group>"; };
/* End PBXFileReference section */

/* Begin PBXFrameworksBuildPhase section */
		11EA3F081DAD80AA00C5E4FA /* Frameworks */ = {
			isa = PBXFrameworksBuildPhase;
			buildActionMask = 2147483647;
			files = (
				11085A661DB3595000C79F44 /* Photos.framework in Frameworks */,
				4B277E86DE33CD5D88D41459 /* Pods_Food.framework in Frameworks */,
				113BFFF01DAED03900E2B58D /* FBSDKCoreKit.framework in Frameworks */,
				113BFFF11DAED03900E2B58D /* FBSDKLoginKit.framework in Frameworks */,
			);
			runOnlyForDeploymentPostprocessing = 0;
		};
/* End PBXFrameworksBuildPhase section */

/* Begin PBXGroup section */
		113BFFD01DAEA3EA00E2B58D /* Controller */ = {
			isa = PBXGroup;
			children = (
				11EA3F281DAD8D7700C5E4FA /* LoginViewController.h */,
				11EA3F291DAD8D7700C5E4FA /* LoginViewController.m */,
				110B6A471DB20DD7009CC9F7 /* TabBarViewController.h */,
				110B6A481DB20DD7009CC9F7 /* TabBarViewController.m */,
				113BFFBE1DAEA0E600E2B58D /* RestaurantsTableViewController.h */,
				113BFFBF1DAEA0E600E2B58D /* RestaurantsTableViewController.m */,
				110B6AC51DB241FB009CC9F7 /* AddShopViewController.h */,
				110B6AC61DB241FB009CC9F7 /* AddShopViewController.m */,
				113BFFC41DAEA17E00E2B58D /* OrdersTableViewController.h */,
				113BFFC51DAEA17E00E2B58D /* OrdersTableViewController.m */,
				113BFFC71DAEA21C00E2B58D /* RecordsTableViewController.h */,
				113BFFC81DAEA21C00E2B58D /* RecordsTableViewController.m */,
				113BFFCA1DAEA24600E2B58D /* SettingTableViewController.h */,
				113BFFCB1DAEA24600E2B58D /* SettingTableViewController.m */,
			);
			name = Controller;
			sourceTree = "<group>";
		};
		113BFFD11DAEA46800E2B58D /* Model */ = {
			isa = PBXGroup;
			children = (
				113BFFE21DAEA74000E2B58D /* Helper.h */,
				113BFFE31DAEA74000E2B58D /* Helper.m */,
				117C1AB41DB5219A004AB4F9 /* NJGlobal.h */,
				117C1AB11DB52190004AB4F9 /* RestaurantModel.h */,
				117C1AB21DB52190004AB4F9 /* RestaurantModel.m */,
				117C1AA61DB506F7004AB4F9 /* RestaurantInfo.h */,
				117C1AA71DB506F7004AB4F9 /* RestaurantInfo.m */,
			);
			name = Model;
			sourceTree = "<group>";
		};
		113BFFD21DAEA47100E2B58D /* View */ = {
			isa = PBXGroup;
			children = (
				113BFFD81DAEA4F700E2B58D /* OrderTableViewCell.h */,
				113BFFD91DAEA4F700E2B58D /* OrderTableViewCell.m */,
				113BFFDA1DAEA4F700E2B58D /* OrderTableViewCell.xib */,
				117C1AA91DB5208F004AB4F9 /* restaurantInfoCell.h */,
				117C1AAA1DB5208F004AB4F9 /* restaurantInfoCell.m */,
				117C1AAB1DB5208F004AB4F9 /* restaurantInfoCell.xib */,
				110B6AC81DB2447B009CC9F7 /* FoodItemTableViewCell.h */,
				110B6AC91DB2447B009CC9F7 /* FoodItemTableViewCell.m */,
			);
			name = View;
			sourceTree = "<group>";
		};
		11EA3F021DAD80AA00C5E4FA = {
			isa = PBXGroup;
			children = (
				11EA3F0D1DAD80AA00C5E4FA /* Food */,
				11EA3F0C1DAD80AA00C5E4FA /* Products */,
				F14E621BCA7DB95AAA6FAEE8 /* Pods */,
				4706E9813EF0A3076F91DCB0 /* Frameworks */,
			);
			sourceTree = "<group>";
		};
		11EA3F0C1DAD80AA00C5E4FA /* Products */ = {
			isa = PBXGroup;
			children = (
				11EA3F0B1DAD80AA00C5E4FA /* Food.app */,
			);
			name = Products;
			sourceTree = "<group>";
		};
		11EA3F0D1DAD80AA00C5E4FA /* Food */ = {
			isa = PBXGroup;
			children = (
				1101F2B31DB15C4D00747C41 /* Food.entitlements */,
				113BFFEC1DAED03900E2B58D /* FBSDKCoreKit.framework */,
				113BFFED1DAED03900E2B58D /* FBSDKLoginKit.framework */,
				11EA3F111DAD80AA00C5E4FA /* AppDelegate.h */,
				11EA3F121DAD80AA00C5E4FA /* AppDelegate.m */,
				113BFFD11DAEA46800E2B58D /* Model */,
				113BFFD21DAEA47100E2B58D /* View */,
				113BFFD01DAEA3EA00E2B58D /* Controller */,
				11EA3F171DAD80AA00C5E4FA /* Main.storyboard */,
				11EA3F0E1DAD80AA00C5E4FA /* Supporting Files */,
			);
			path = Food;
			sourceTree = "<group>";
		};
		11EA3F0E1DAD80AA00C5E4FA /* Supporting Files */ = {
			isa = PBXGroup;
			children = (
				11EA3F1C1DAD80AA00C5E4FA /* LaunchScreen.storyboard */,
				11EA3F2B1DAD8DC700C5E4FA /* GoogleService-Info.plist */,
				11EA3F1F1DAD80AA00C5E4FA /* Info.plist */,
				1179DC591DB3AF640016BF70 /* unknow.png */,
				11EA3F1A1DAD80AA00C5E4FA /* Assets.xcassets */,
				11EA3F0F1DAD80AA00C5E4FA /* main.m */,
			);
			name = "Supporting Files";
			sourceTree = "<group>";
		};
		4706E9813EF0A3076F91DCB0 /* Frameworks */ = {
			isa = PBXGroup;
			children = (
				11085A651DB3595000C79F44 /* Photos.framework */,
				4C4C1078F52F3F7618C2BAD1 /* Pods_Food.framework */,
			);
			name = Frameworks;
			sourceTree = "<group>";
		};
		F14E621BCA7DB95AAA6FAEE8 /* Pods */ = {
			isa = PBXGroup;
			children = (
				68E70D16BE6959F608FE67F8 /* Pods-Food.debug.xcconfig */,
				A6DCB51727CE1C23778B3D7D /* Pods-Food.release.xcconfig */,
			);
			name = Pods;
			sourceTree = "<group>";
		};
/* End PBXGroup section */

/* Begin PBXNativeTarget section */
		11EA3F0A1DAD80AA00C5E4FA /* Food */ = {
			isa = PBXNativeTarget;
			buildConfigurationList = 11EA3F221DAD80AA00C5E4FA /* Build configuration list for PBXNativeTarget "Food" */;
			buildPhases = (
				404812A9B30A7D1E51DFAA72 /* [CP] Check Pods Manifest.lock */,
				11EA3F071DAD80AA00C5E4FA /* Sources */,
				11EA3F081DAD80AA00C5E4FA /* Frameworks */,
				11EA3F091DAD80AA00C5E4FA /* Resources */,
				96B1427F8053959D84AB9D2F /* [CP] Embed Pods Frameworks */,
				3C623319E4E4390BE69BBA0C /* [CP] Copy Pods Resources */,
			);
			buildRules = (
			);
			dependencies = (
			);
			name = Food;
			productName = Food;
			productReference = 11EA3F0B1DAD80AA00C5E4FA /* Food.app */;
			productType = "com.apple.product-type.application";
		};
/* End PBXNativeTarget section */

/* Begin PBXProject section */
		11EA3F031DAD80AA00C5E4FA /* Project object */ = {
			isa = PBXProject;
			attributes = {
				LastUpgradeCheck = 0800;
				ORGANIZATIONNAME = "Shiang-Yu Huang";
				TargetAttributes = {
					11EA3F0A1DAD80AA00C5E4FA = {
						CreatedOnToolsVersion = 8.0;
						DevelopmentTeam = LPH4JQ7PG5;
						ProvisioningStyle = Automatic;
						SystemCapabilities = {
							com.apple.Keychain = {
								enabled = 1;
							};
						};
					};
				};
			};
			buildConfigurationList = 11EA3F061DAD80AA00C5E4FA /* Build configuration list for PBXProject "Food" */;
			compatibilityVersion = "Xcode 3.2";
			developmentRegion = English;
			hasScannedForEncodings = 0;
			knownRegions = (
				en,
				Base,
			);
			mainGroup = 11EA3F021DAD80AA00C5E4FA;
			productRefGroup = 11EA3F0C1DAD80AA00C5E4FA /* Products */;
			projectDirPath = "";
			projectRoot = "";
			targets = (
				11EA3F0A1DAD80AA00C5E4FA /* Food */,
			);
		};
/* End PBXProject section */

/* Begin PBXResourcesBuildPhase section */
		11EA3F091DAD80AA00C5E4FA /* Resources */ = {
			isa = PBXResourcesBuildPhase;
			buildActionMask = 2147483647;
			files = (
				1179DC5A1DB3AF640016BF70 /* unknow.png in Resources */,
				113BFFDC1DAEA4F700E2B58D /* OrderTableViewCell.xib in Resources */,
				11EA3F1E1DAD80AA00C5E4FA /* LaunchScreen.storyboard in Resources */,
				117C1AAD1DB5208F004AB4F9 /* restaurantInfoCell.xib in Resources */,
				11EA3F2C1DAD8DC700C5E4FA /* GoogleService-Info.plist in Resources */,
				11EA3F1B1DAD80AA00C5E4FA /* Assets.xcassets in Resources */,
				11EA3F191DAD80AA00C5E4FA /* Main.storyboard in Resources */,
			);
			runOnlyForDeploymentPostprocessing = 0;
		};
/* End PBXResourcesBuildPhase section */

/* Begin PBXShellScriptBuildPhase section */
		3C623319E4E4390BE69BBA0C /* [CP] Copy Pods Resources */ = {
			isa = PBXShellScriptBuildPhase;
			buildActionMask = 2147483647;
			files = (
			);
			inputPaths = (
			);
			name = "[CP] Copy Pods Resources";
			outputPaths = (
			);
			runOnlyForDeploymentPostprocessing = 0;
			shellPath = /bin/sh;
			shellScript = "\"${SRCROOT}/Pods/Target Support Files/Pods-Food/Pods-Food-resources.sh\"\n";
			showEnvVarsInLog = 0;
		};
		404812A9B30A7D1E51DFAA72 /* [CP] Check Pods Manifest.lock */ = {
			isa = PBXShellScriptBuildPhase;
			buildActionMask = 2147483647;
			files = (
			);
			inputPaths = (
			);
			name = "[CP] Check Pods Manifest.lock";
			outputPaths = (
			);
			runOnlyForDeploymentPostprocessing = 0;
			shellPath = /bin/sh;
			shellScript = "diff \"${PODS_ROOT}/../Podfile.lock\" \"${PODS_ROOT}/Manifest.lock\" > /dev/null\nif [[ $? != 0 ]] ; then\n    cat << EOM\nerror: The sandbox is not in sync with the Podfile.lock. Run 'pod install' or update your CocoaPods installation.\nEOM\n    exit 1\nfi\n";
			showEnvVarsInLog = 0;
		};
		96B1427F8053959D84AB9D2F /* [CP] Embed Pods Frameworks */ = {
			isa = PBXShellScriptBuildPhase;
			buildActionMask = 2147483647;
			files = (
			);
			inputPaths = (
			);
			name = "[CP] Embed Pods Frameworks";
			outputPaths = (
			);
			runOnlyForDeploymentPostprocessing = 0;
			shellPath = /bin/sh;
			shellScript = "\"${SRCROOT}/Pods/Target Support Files/Pods-Food/Pods-Food-frameworks.sh\"\n";
			showEnvVarsInLog = 0;
		};
/* End PBXShellScriptBuildPhase section */

/* Begin PBXSourcesBuildPhase section */
		11EA3F071DAD80AA00C5E4FA /* Sources */ = {
			isa = PBXSourcesBuildPhase;
			buildActionMask = 2147483647;
			files = (
				113BFFC01DAEA0E600E2B58D /* RestaurantsTableViewController.m in Sources */,
				11EA3F131DAD80AA00C5E4FA /* AppDelegate.m in Sources */,
				113BFFCC1DAEA24600E2B58D /* SettingTableViewController.m in Sources */,
				11EA3F101DAD80AA00C5E4FA /* main.m in Sources */,
				110B6A491DB20DD7009CC9F7 /* TabBarViewController.m in Sources */,
				113BFFC61DAEA17E00E2B58D /* OrdersTableViewController.m in Sources */,
				117C1AB31DB52190004AB4F9 /* RestaurantModel.m in Sources */,
				113BFFC91DAEA21C00E2B58D /* RecordsTableViewController.m in Sources */,
				11EA3F2A1DAD8D7700C5E4FA /* LoginViewController.m in Sources */,
				117C1AA81DB506F7004AB4F9 /* RestaurantInfo.m in Sources */,
				113BFFDB1DAEA4F700E2B58D /* OrderTableViewCell.m in Sources */,
				117C1AAC1DB5208F004AB4F9 /* restaurantInfoCell.m in Sources */,
				110B6AC71DB241FB009CC9F7 /* AddShopViewController.m in Sources */,
				113BFFE41DAEA74000E2B58D /* Helper.m in Sources */,
				110B6ACA1DB2447B009CC9F7 /* FoodItemTableViewCell.m in Sources */,
			);
			runOnlyForDeploymentPostprocessing = 0;
		};
/* End PBXSourcesBuildPhase section */

/* Begin PBXVariantGroup section */
		11EA3F171DAD80AA00C5E4FA /* Main.storyboard */ = {
			isa = PBXVariantGroup;
			children = (
				11EA3F181DAD80AA00C5E4FA /* Base */,
			);
			name = Main.storyboard;
			sourceTree = "<group>";
		};
		11EA3F1C1DAD80AA00C5E4FA /* LaunchScreen.storyboard */ = {
			isa = PBXVariantGroup;
			children = (
				11EA3F1D1DAD80AA00C5E4FA /* Base */,
			);
			name = LaunchScreen.storyboard;
			sourceTree = "<group>";
		};
/* End PBXVariantGroup section */

/* Begin XCBuildConfiguration section */
		11EA3F201DAD80AA00C5E4FA /* Debug */ = {
			isa = XCBuildConfiguration;
			buildSettings = {
				ALWAYS_SEARCH_USER_PATHS = NO;
				CLANG_ANALYZER_NONNULL = YES;
				CLANG_CXX_LANGUAGE_STANDARD = "gnu++0x";
				CLANG_CXX_LIBRARY = "libc++";
				CLANG_ENABLE_MODULES = YES;
				CLANG_ENABLE_OBJC_ARC = YES;
				CLANG_WARN_BOOL_CONVERSION = YES;
				CLANG_WARN_CONSTANT_CONVERSION = YES;
				CLANG_WARN_DIRECT_OBJC_ISA_USAGE = YES_ERROR;
				CLANG_WARN_DOCUMENTATION_COMMENTS = YES;
				CLANG_WARN_EMPTY_BODY = YES;
				CLANG_WARN_ENUM_CONVERSION = YES;
				CLANG_WARN_INFINITE_RECURSION = YES;
				CLANG_WARN_INT_CONVERSION = YES;
				CLANG_WARN_OBJC_ROOT_CLASS = YES_ERROR;
				CLANG_WARN_SUSPICIOUS_MOVES = YES;
				CLANG_WARN_UNREACHABLE_CODE = YES;
				CLANG_WARN__DUPLICATE_METHOD_MATCH = YES;
				"CODE_SIGN_IDENTITY[sdk=iphoneos*]" = "iPhone Developer";
				COPY_PHASE_STRIP = NO;
				DEBUG_INFORMATION_FORMAT = dwarf;
				ENABLE_STRICT_OBJC_MSGSEND = YES;
				ENABLE_TESTABILITY = YES;
				GCC_C_LANGUAGE_STANDARD = gnu99;
				GCC_DYNAMIC_NO_PIC = NO;
				GCC_NO_COMMON_BLOCKS = YES;
				GCC_OPTIMIZATION_LEVEL = 0;
				GCC_PREPROCESSOR_DEFINITIONS = (
					"DEBUG=1",
					"$(inherited)",
				);
				GCC_WARN_64_TO_32_BIT_CONVERSION = YES;
				GCC_WARN_ABOUT_RETURN_TYPE = YES_ERROR;
				GCC_WARN_UNDECLARED_SELECTOR = YES;
				GCC_WARN_UNINITIALIZED_AUTOS = YES_AGGRESSIVE;
				GCC_WARN_UNUSED_FUNCTION = YES;
				GCC_WARN_UNUSED_VARIABLE = YES;
				IPHONEOS_DEPLOYMENT_TARGET = 10.0;
				MTL_ENABLE_DEBUG_INFO = YES;
				ONLY_ACTIVE_ARCH = YES;
				SDKROOT = iphoneos;
			};
			name = Debug;
		};
		11EA3F211DAD80AA00C5E4FA /* Release */ = {
			isa = XCBuildConfiguration;
			buildSettings = {
				ALWAYS_SEARCH_USER_PATHS = NO;
				CLANG_ANALYZER_NONNULL = YES;
				CLANG_CXX_LANGUAGE_STANDARD = "gnu++0x";
				CLANG_CXX_LIBRARY = "libc++";
				CLANG_ENABLE_MODULES = YES;
				CLANG_ENABLE_OBJC_ARC = YES;
				CLANG_WARN_BOOL_CONVERSION = YES;
				CLANG_WARN_CONSTANT_CONVERSION = YES;
				CLANG_WARN_DIRECT_OBJC_ISA_USAGE = YES_ERROR;
				CLANG_WARN_DOCUMENTATION_COMMENTS = YES;
				CLANG_WARN_EMPTY_BODY = YES;
				CLANG_WARN_ENUM_CONVERSION = YES;
				CLANG_WARN_INFINITE_RECURSION = YES;
				CLANG_WARN_INT_CONVERSION = YES;
				CLANG_WARN_OBJC_ROOT_CLASS = YES_ERROR;
				CLANG_WARN_SUSPICIOUS_MOVES = YES;
				CLANG_WARN_UNREACHABLE_CODE = YES;
				CLANG_WARN__DUPLICATE_METHOD_MATCH = YES;
				"CODE_SIGN_IDENTITY[sdk=iphoneos*]" = "iPhone Developer";
				COPY_PHASE_STRIP = NO;
				DEBUG_INFORMATION_FORMAT = "dwarf-with-dsym";
				ENABLE_NS_ASSERTIONS = NO;
				ENABLE_STRICT_OBJC_MSGSEND = YES;
				GCC_C_LANGUAGE_STANDARD = gnu99;
				GCC_NO_COMMON_BLOCKS = YES;
				GCC_WARN_64_TO_32_BIT_CONVERSION = YES;
				GCC_WARN_ABOUT_RETURN_TYPE = YES_ERROR;
				GCC_WARN_UNDECLARED_SELECTOR = YES;
				GCC_WARN_UNINITIALIZED_AUTOS = YES_AGGRESSIVE;
				GCC_WARN_UNUSED_FUNCTION = YES;
				GCC_WARN_UNUSED_VARIABLE = YES;
				IPHONEOS_DEPLOYMENT_TARGET = 10.0;
				MTL_ENABLE_DEBUG_INFO = NO;
				SDKROOT = iphoneos;
				VALIDATE_PRODUCT = YES;
			};
			name = Release;
		};
		11EA3F231DAD80AA00C5E4FA /* Debug */ = {
			isa = XCBuildConfiguration;
			baseConfigurationReference = 68E70D16BE6959F608FE67F8 /* Pods-Food.debug.xcconfig */;
			buildSettings = {
				ASSETCATALOG_COMPILER_APPICON_NAME = AppIcon;
				CODE_SIGN_ENTITLEMENTS = Food/Food.entitlements;
				DEVELOPMENT_TEAM = LPH4JQ7PG5;
				FRAMEWORK_SEARCH_PATHS = (
					"$(inherited)",
					"$(PROJECT_DIR)/Food",
					"~/Documents/FacebookSDK",
				);
				INFOPLIST_FILE = Food/Info.plist;
				IPHONEOS_DEPLOYMENT_TARGET = 9.3;
				LD_RUNPATH_SEARCH_PATHS = "$(inherited) @executable_path/Frameworks";
				PRODUCT_BUNDLE_IDENTIFIER = "com.Shiang-Yu-Huang.Food";
				PRODUCT_NAME = "$(TARGET_NAME)";
			};
			name = Debug;
		};
		11EA3F241DAD80AA00C5E4FA /* Release */ = {
			isa = XCBuildConfiguration;
			baseConfigurationReference = A6DCB51727CE1C23778B3D7D /* Pods-Food.release.xcconfig */;
			buildSettings = {
				ASSETCATALOG_COMPILER_APPICON_NAME = AppIcon;
				CODE_SIGN_ENTITLEMENTS = Food/Food.entitlements;
				DEVELOPMENT_TEAM = LPH4JQ7PG5;
				FRAMEWORK_SEARCH_PATHS = (
					"$(inherited)",
					"$(PROJECT_DIR)/Food",
					"~/Documents/FacebookSDK",
				);
				INFOPLIST_FILE = Food/Info.plist;
				IPHONEOS_DEPLOYMENT_TARGET = 9.3;
				LD_RUNPATH_SEARCH_PATHS = "$(inherited) @executable_path/Frameworks";
				PRODUCT_BUNDLE_IDENTIFIER = "com.Shiang-Yu-Huang.Food";
				PRODUCT_NAME = "$(TARGET_NAME)";
			};
			name = Release;
		};
/* End XCBuildConfiguration section */

/* Begin XCConfigurationList section */
		11EA3F061DAD80AA00C5E4FA /* Build configuration list for PBXProject "Food" */ = {
			isa = XCConfigurationList;
			buildConfigurations = (
				11EA3F201DAD80AA00C5E4FA /* Debug */,
				11EA3F211DAD80AA00C5E4FA /* Release */,
			);
			defaultConfigurationIsVisible = 0;
			defaultConfigurationName = Release;
		};
		11EA3F221DAD80AA00C5E4FA /* Build configuration list for PBXNativeTarget "Food" */ = {
			isa = XCConfigurationList;
			buildConfigurations = (
				11EA3F231DAD80AA00C5E4FA /* Debug */,
				11EA3F241DAD80AA00C5E4FA /* Release */,
			);
			defaultConfigurationIsVisible = 0;
			defaultConfigurationName = Release;
		};
/* End XCConfigurationList section */
	};
	rootObject = 11EA3F031DAD80AA00C5E4FA /* Project object */;
}
